
Microsoft Visual Studio Solution File, Format Version 12.00
# Visual Studio 14
VisualStudioVersion = 14.0.23107.0
MinimumVisualStudioVersion = 10.0.40219.1
Project("{FAE04EC0-301F-11D3-BF4B-00C04F79EFBC}") = "Delopgave1", "Delopgave1\Delopgave1.csproj", "{063DDA1A-150E-4FCD-B611-5AC0C1486663}"
EndProject
Project("{FAE04EC0-301F-11D3-BF4B-00C04F79EFBC}") = "Delopgave2", "Delopgave2\Delopgave2.csproj", "{30ED92FC-04A5-4D68-B06E-90138A656868}"
EndProject
Global
	GlobalSection(SolutionConfigurationPlatforms) = preSolution
		Debug|Any CPU = Debug|Any CPU
		Release|Any CPU = Release|Any CPU
	EndGlobalSection
	GlobalSection(ProjectConfigurationPlatforms) = postSolution
		{063DDA1A-150E-4FCD-B611-5AC0C1486663}.Debug|Any CPU.ActiveCfg = Debug|Any CPU
		{063DDA1A-150E-4FCD-B611-5AC0C1486663}.Debug|Any CPU.Build.0 = Debug|Any CPU
		{063DDA1A-150E-4FCD-B611-5AC0C1486663}.Release|Any CPU.ActiveCfg = Release|Any CPU
		{063DDA1A-150E-4FCD-B611-5AC0C1486663}.Release|Any CPU.Build.0 = Release|Any CPU
		{30ED92FC-04A5-4D68-B06E-90138A656868}.Debug|Any CPU.ActiveCfg = Debug|Any CPU
		{30ED92FC-04A5-4D68-B06E-90138A656868}.Debug|Any CPU.Build.0 = Debug|Any CPU
		{30ED92FC-04A5-4D68-B06E-90138A656868}.Release|Any CPU.ActiveCfg = Release|Any CPU
		{30ED92FC-04A5-4D68-B06E-90138A656868}.Release|Any CPU.Build.0 = Release|Any CPU
	EndGlobalSection
	GlobalSection(SolutionProperties) = preSolution
		HideSolutionNode = FALSE
	EndGlobalSection
EndGlobal
